
Microsoft Visual Studio Solution File, Format Version 12.00
# Visual Studio Version 17
VisualStudioVersion = 17.3.32929.385
MinimumVisualStudioVersion = 10.0.40219.1
Project("{FAE04EC0-301F-11D3-BF4B-00C04F79EFBC}") = "mvcTest", "mvcTest\mvcTest.csproj", "{DB8A2F9D-6C05-4E4C-9A1F-5DF14D3B0955}"
EndProject
Global
	GlobalSection(SolutionConfigurationPlatforms) = preSolution
		Debug|Any CPU = Debug|Any CPU
		Release|Any CPU = Release|Any CPU
	EndGlobalSection
	GlobalSection(ProjectConfigurationPlatforms) = postSolution
		{DB8A2F9D-6C05-4E4C-9A1F-5DF14D3B0955}.Debug|Any CPU.ActiveCfg = Debug|Any CPU
		{DB8A2F9D-6C05-4E4C-9A1F-5DF14D3B0955}.Debug|Any CPU.Build.0 = Debug|Any CPU
		{DB8A2F9D-6C05-4E4C-9A1F-5DF14D3B0955}.Release|Any CPU.ActiveCfg = Release|Any CPU
		{DB8A2F9D-6C05-4E4C-9A1F-5DF14D3B0955}.Release|Any CPU.Build.0 = Release|Any CPU
	EndGlobalSection
	GlobalSection(SolutionProperties) = preSolution
		HideSolutionNode = FALSE
	EndGlobalSection
	GlobalSection(ExtensibilityGlobals) = postSolution
		SolutionGuid = {468B7021-9851-4CA5-A1D3-950B2ADA8E43}
	EndGlobalSection
EndGlobal
